// !$*UTF8*$!
{
	archiveVersion = 1;
	classes = {
	};
	objectVersion = 46;
	objects = {

/* Begin PBXBuildFile section */
		C83CB0491CE0D23C001E15F4 /* AppDelegate.swift in Sources */ = {isa = PBXBuildFile; fileRef = C83CB0481CE0D23C001E15F4 /* AppDelegate.swift */; };
		C83CB04B1CE0D23C001E15F4 /* ViewController.swift in Sources */ = {isa = PBXBuildFile; fileRef = C83CB04A1CE0D23C001E15F4 /* ViewController.swift */; };
		C83CB04E1CE0D23C001E15F4 /* Main.storyboard in Resources */ = {isa = PBXBuildFile; fileRef = C83CB04C1CE0D23C001E15F4 /* Main.storyboard */; };
		C83CB0501CE0D23C001E15F4 /* Assets.xcassets in Resources */ = {isa = PBXBuildFile; fileRef = C83CB04F1CE0D23C001E15F4 /* Assets.xcassets */; };
		C83CB0531CE0D23C001E15F4 /* LaunchScreen.storyboard in Resources */ = {isa = PBXBuildFile; fileRef = C83CB0511CE0D23C001E15F4 /* LaunchScreen.storyboard */; };
		C83CB05B1CE0D2F9001E15F4 /* VideoCell.swift in Sources */ = {isa = PBXBuildFile; fileRef = C83CB05A1CE0D2F9001E15F4 /* VideoCell.swift */; };
		C83CB05E1CE1092C001E15F4 /* videoScreenshot02.png in Resources */ = {isa = PBXBuildFile; fileRef = C83CB05D1CE1092C001E15F4 /* videoScreenshot02.png */; };
		C83CB0601CE109B6001E15F4 /* emoji zone.mp4 in Resources */ = {isa = PBXBuildFile; fileRef = C83CB05F1CE109B6001E15F4 /* emoji zone.mp4 */; };
/* End PBXBuildFile section */

/* Begin PBXFileReference section */
		C83CB0451CE0D23C001E15F4 /* Project 03 - PlayLocalVideo.app */ = {isa = PBXFileReference; explicitFileType = wrapper.application; includeInIndex = 0; path = "Project 03 - PlayLocalVideo.app"; sourceTree = BUILT_PRODUCTS_DIR; };
		C83CB0481CE0D23C001E15F4 /* AppDelegate.swift */ = {isa = PBXFileReference; lastKnownFileType = sourcecode.swift; path = AppDelegate.swift; sourceTree = "<group>"; };
		C83CB04A1CE0D23C001E15F4 /* ViewController.swift */ = {isa = PBXFileReference; lastKnownFileType = sourcecode.swift; path = ViewController.swift; sourceTree = "<group>"; };
		C83CB04D1CE0D23C001E15F4 /* Base */ = {isa = PBXFileReference; lastKnownFileType = file.storyboard; name = Base; path = Base.lproj/Main.storyboard; sourceTree = "<group>"; };
		C83CB04F1CE0D23C001E15F4 /* Assets.xcassets */ = {isa = PBXFileReference; lastKnownFileType = folder.assetcatalog; path = Assets.xcassets; sourceTree = "<group>"; };
		C83CB0521CE0D23C001E15F4 /* Base */ = {isa = PBXFileReference; lastKnownFileType = file.storyboard; name = Base; path = Base.lproj/LaunchScreen.storyboard; sourceTree = "<group>"; };
		C83CB0541CE0D23C001E15F4 /* Info.plist */ = {isa = PBXFileReference; lastKnownFileType = text.plist.xml; path = Info.plist; sourceTree = "<group>"; };
		C83CB05A1CE0D2F9001E15F4 /* VideoCell.swift */ = {isa = PBXFileReference; fileEncoding = 4; lastKnownFileType = sourcecode.swift; path = VideoCell.swift; sourceTree = "<group>"; };
		C83CB05D1CE1092C001E15F4 /* videoScreenshot02.png */ = {isa = PBXFileReference; lastKnownFileType = image.png; path = videoScreenshot02.png; sourceTree = "<group>"; };
		C83CB05F1CE109B6001E15F4 /* emoji zone.mp4 */ = {isa = PBXFileReference; lastKnownFileType = file; path = "emoji zone.mp4"; sourceTree = "<group>"; };
/* End PBXFileReference section */

/* Begin PBXFrameworksBuildPhase section */
		C83CB0421CE0D23C001E15F4 /* Frameworks */ = {
			isa = PBXFrameworksBuildPhase;
			buildActionMask = 2147483647;
			files = (
			);
			runOnlyForDeploymentPostprocessing = 0;
		};
/* End PBXFrameworksBuildPhase section */

/* Begin PBXGroup section */
		C83CB03C1CE0D23C001E15F4 = {
			isa = PBXGroup;
			children = (
				C83CB0471CE0D23C001E15F4 /* Project 03 - PlayLocalVideo */,
				C83CB0461CE0D23C001E15F4 /* Products */,
			);
			sourceTree = "<group>";
		};
		C83CB0461CE0D23C001E15F4 /* Products */ = {
			isa = PBXGroup;
			children = (
				C83CB0451CE0D23C001E15F4 /* Project 03 - PlayLocalVideo.app */,
			);
			name = Products;
			sourceTree = "<group>";
		};
		C83CB0471CE0D23C001E15F4 /* Project 03 - PlayLocalVideo */ = {
			isa = PBXGroup;
			children = (
				C83CB0481CE0D23C001E15F4 /* AppDelegate.swift */,
				C83CB04A1CE0D23C001E15F4 /* ViewController.swift */,
				C83CB05A1CE0D2F9001E15F4 /* VideoCell.swift */,
				C83CB04C1CE0D23C001E15F4 /* Main.storyboard */,
				C83CB04F1CE0D23C001E15F4 /* Assets.xcassets */,
				C83CB0511CE0D23C001E15F4 /* LaunchScreen.storyboard */,
				C83CB0541CE0D23C001E15F4 /* Info.plist */,
				C83CB05F1CE109B6001E15F4 /* emoji zone.mp4 */,
				C83CB05D1CE1092C001E15F4 /* videoScreenshot02.png */,
			);
			path = "Project 03 - PlayLocalVideo";
			sourceTree = "<group>";
		};
/* End PBXGroup section */

/* Begin PBXNativeTarget section */
		C83CB0441CE0D23C001E15F4 /* Project 03 - PlayLocalVideo */ = {
			isa = PBXNativeTarget;
			buildConfigurationList = C83CB0571CE0D23C001E15F4 /* Build configuration list for PBXNativeTarget "Project 03 - PlayLocalVideo" */;
			buildPhases = (
				C83CB0411CE0D23C001E15F4 /* Sources */,
				C83CB0421CE0D23C001E15F4 /* Frameworks */,
				C83CB0431CE0D23C001E15F4 /* Resources */,
			);
			buildRules = (
			);
			dependencies = (
			);
			name = "Project 03 - PlayLocalVideo";
			productName = "Project 03 - PlayLocalVideo";
			productReference = C83CB0451CE0D23C001E15F4 /* Project 03 - PlayLocalVideo.app */;
			productType = "com.apple.product-type.application";
		};
/* End PBXNativeTarget section */

/* Begin PBXProject section */
		C83CB03D1CE0D23C001E15F4 /* Project object */ = {
			isa = PBXProject;
			attributes = {
				LastSwiftUpdateCheck = 0730;
				LastUpgradeCheck = 0730;
				ORGANIZATIONNAME = XueYu;
				TargetAttributes = {
					C83CB0441CE0D23C001E15F4 = {
						CreatedOnToolsVersion = 7.3.1;
					};
				};
			};
			buildConfigurationList = C83CB0401CE0D23C001E15F4 /* Build configuration list for PBXProject "Project 03 - PlayLocalVideo" */;
			compatibilityVersion = "Xcode 3.2";
			developmentRegion = English;
			hasScannedForEncodings = 0;
			knownRegions = (
				en,
				Base,
			);
			mainGroup = C83CB03C1CE0D23C001E15F4;
			productRefGroup = C83CB0461CE0D23C001E15F4 /* Products */;
			projectDirPath = "";
			projectRoot = "";
			targets = (
				C83CB0441CE0D23C001E15F4 /* Project 03 - PlayLocalVideo */,
			);
		};
/* End PBXProject section */

/* Begin PBXResourcesBuildPhase section */
		C83CB0431CE0D23C001E15F4 /* Resources */ = {
			isa = PBXResourcesBuildPhase;
			buildActionMask = 2147483647;
			files = (
				C83CB0601CE109B6001E15F4 /* emoji zone.mp4 in Resources */,
				C83CB0531CE0D23C001E15F4 /* LaunchScreen.storyboard in Resources */,
				C83CB0501CE0D23C001E15F4 /* Assets.xcassets in Resources */,
				C83CB04E1CE0D23C001E15F4 /* Main.storyboard in Resources */,
				C83CB05E1CE1092C001E15F4 /* videoScreenshot02.png in Resources */,
			);
			runOnlyForDeploymentPostprocessing = 0;
		};
/* End PBXResourcesBuildPhase section */

/* Begin PBXSourcesBuildPhase section */
		C83CB0411CE0D23C001E15F4 /* Sources */ = {
			isa = PBXSourcesBuildPhase;
			buildActionMask = 2147483647;
			files = (
				C83CB04B1CE0D23C001E15F4 /* ViewController.swift in Sources */,
				C83CB0491CE0D23C001E15F4 /* AppDelegate.swift in Sources */,
				C83CB05B1CE0D2F9001E15F4 /* VideoCell.swift in Sources */,
			);
			runOnlyForDeploymentPostprocessing = 0;
		};
/* End PBXSourcesBuildPhase section */

/* Begin PBXVariantGroup section */
		C83CB04C1CE0D23C001E15F4 /* Main.storyboard */ = {
			isa = PBXVariantGroup;
			children = (
				C83CB04D1CE0D23C001E15F4 /* Base */,
			);
			name = Main.storyboard;
			sourceTree = "<group>";
		};
		C83CB0511CE0D23C001E15F4 /* LaunchScreen.storyboard */ = {
			isa = PBXVariantGroup;
			children = (
				C83CB0521CE0D23C001E15F4 /* Base */,
			);
			name = LaunchScreen.storyboard;
			sourceTree = "<group>";
		};
/* End PBXVariantGroup section */

/* Begin XCBuildConfiguration section */
		C83CB0551CE0D23C001E15F4 /* Debug */ = {
			isa = XCBuildConfiguration;
			buildSettings = {
				ALWAYS_SEARCH_USER_PATHS = NO;
				CLANG_ANALYZER_NONNULL = YES;
				CLANG_CXX_LANGUAGE_STANDARD = "gnu++0x";
				CLANG_CXX_LIBRARY = "libc++";
				CLANG_ENABLE_MODULES = YES;
				CLANG_ENABLE_OBJC_ARC = YES;
				CLANG_WARN_BOOL_CONVERSION = YES;
				CLANG_WARN_CONSTANT_CONVERSION = YES;
				CLANG_WARN_DIRECT_OBJC_ISA_USAGE = YES_ERROR;
				CLANG_WARN_EMPTY_BODY = YES;
				CLANG_WARN_ENUM_CONVERSION = YES;
				CLANG_WARN_INT_CONVERSION = YES;
				CLANG_WARN_OBJC_ROOT_CLASS = YES_ERROR;
				CLANG_WARN_UNREACHABLE_CODE = YES;
				CLANG_WARN__DUPLICATE_METHOD_MATCH = YES;
				"CODE_SIGN_IDENTITY[sdk=iphoneos*]" = "iPhone Developer";
				COPY_PHASE_STRIP = NO;
				DEBUG_INFORMATION_FORMAT = dwarf;
				ENABLE_STRICT_OBJC_MSGSEND = YES;
				ENABLE_TESTABILITY = YES;
				GCC_C_LANGUAGE_STANDARD = gnu99;
				GCC_DYNAMIC_NO_PIC = NO;
				GCC_NO_COMMON_BLOCKS = YES;
				GCC_OPTIMIZATION_LEVEL = 0;
				GCC_PREPROCESSOR_DEFINITIONS = (
					"DEBUG=1",
					"$(inherited)",
				);
				GCC_WARN_64_TO_32_BIT_CONVERSION = YES;
				GCC_WARN_ABOUT_RETURN_TYPE = YES_ERROR;
				GCC_WARN_UNDECLARED_SELECTOR = YES;
				GCC_WARN_UNINITIALIZED_AUTOS = YES_AGGRESSIVE;
				GCC_WARN_UNUSED_FUNCTION = YES;
				GCC_WARN_UNUSED_VARIABLE = YES;
				IPHONEOS_DEPLOYMENT_TARGET = 9.3;
				MTL_ENABLE_DEBUG_INFO = YES;
				ONLY_ACTIVE_ARCH = YES;
				SDKROOT = iphoneos;
				SWIFT_OPTIMIZATION_LEVEL = "-Onone";
			};
			name = Debug;
		};
		C83CB0561CE0D23C001E15F4 /* Release */ = {
			isa = XCBuildConfiguration;
			buildSettings = {
				ALWAYS_SEARCH_USER_PATHS = NO;
				CLANG_ANALYZER_NONNULL = YES;
				CLANG_CXX_LANGUAGE_STANDARD = "gnu++0x";
				CLANG_CXX_LIBRARY = "libc++";
				CLANG_ENABLE_MODULES = YES;
				CLANG_ENABLE_OBJC_ARC = YES;
				CLANG_WARN_BOOL_CONVERSION = YES;
				CLANG_WARN_CONSTANT_CONVERSION = YES;
				CLANG_WARN_DIRECT_OBJC_ISA_USAGE = YES_ERROR;
				CLANG_WARN_EMPTY_BODY = YES;
				CLANG_WARN_ENUM_CONVERSION = YES;
				CLANG_WARN_INT_CONVERSION = YES;
				CLANG_WARN_OBJC_ROOT_CLASS = YES_ERROR;
				CLANG_WARN_UNREACHABLE_CODE = YES;
				CLANG_WARN__DUPLICATE_METHOD_MATCH = YES;
				"CODE_SIGN_IDENTITY[sdk=iphoneos*]" = "iPhone Developer";
				COPY_PHASE_STRIP = NO;
				DEBUG_INFORMATION_FORMAT = "dwarf-with-dsym";
				ENABLE_NS_ASSERTIONS = NO;
				ENABLE_STRICT_OBJC_MSGSEND = YES;
				GCC_C_LANGUAGE_STANDARD = gnu99;
				GCC_NO_COMMON_BLOCKS = YES;
				GCC_WARN_64_TO_32_BIT_CONVERSION = YES;
				GCC_WARN_ABOUT_RETURN_TYPE = YES_ERROR;
				GCC_WARN_UNDECLARED_SELECTOR = YES;
				GCC_WARN_UNINITIALIZED_AUTOS = YES_AGGRESSIVE;
				GCC_WARN_UNUSED_FUNCTION = YES;
				GCC_WARN_UNUSED_VARIABLE = YES;
				IPHONEOS_DEPLOYMENT_TARGET = 9.3;
				MTL_ENABLE_DEBUG_INFO = NO;
				SDKROOT = iphoneos;
				VALIDATE_PRODUCT = YES;
			};
			name = Release;
		};
		C83CB0581CE0D23C001E15F4 /* Debug */ = {
			isa = XCBuildConfiguration;
			buildSettings = {
				ASSETCATALOG_COMPILER_APPICON_NAME = AppIcon;
				INFOPLIST_FILE = "Project 03 - PlayLocalVideo/Info.plist";
				LD_RUNPATH_SEARCH_PATHS = "$(inherited) @executable_path/Frameworks";
				PRODUCT_BUNDLE_IDENTIFIER = "com.xueyu.Project-03---PlayLocalVideo";
				PRODUCT_NAME = "$(TARGET_NAME)";
			};
			name = Debug;
		};
		C83CB0591CE0D23C001E15F4 /* Release */ = {
			isa = XCBuildConfiguration;
			buildSettings = {
				ASSETCATALOG_COMPILER_APPICON_NAME = AppIcon;
				INFOPLIST_FILE = "Project 03 - PlayLocalVideo/Info.plist";
				LD_RUNPATH_SEARCH_PATHS = "$(inherited) @executable_path/Frameworks";
				PRODUCT_BUNDLE_IDENTIFIER = "com.xueyu.Project-03---PlayLocalVideo";
				PRODUCT_NAME = "$(TARGET_NAME)";
			};
			name = Release;
		};
/* End XCBuildConfiguration section */

/* Begin XCConfigurationList section */
		C83CB0401CE0D23C001E15F4 /* Build configuration list for PBXProject "Project 03 - PlayLocalVideo" */ = {
			isa = XCConfigurationList;
			buildConfigurations = (
				C83CB0551CE0D23C001E15F4 /* Debug */,
				C83CB0561CE0D23C001E15F4 /* Release */,
			);
			defaultConfigurationIsVisible = 0;
			defaultConfigurationName = Release;
		};
		C83CB0571CE0D23C001E15F4 /* Build configuration list for PBXNativeTarget "Project 03 - PlayLocalVideo" */ = {
			isa = XCConfigurationList;
			buildConfigurations = (
				C83CB0581CE0D23C001E15F4 /* Debug */,
				C83CB0591CE0D23C001E15F4 /* Release */,
			);
			defaultConfigurationIsVisible = 0;
		};
/* End XCConfigurationList section */
	};
	rootObject = C83CB03D1CE0D23C001E15F4 /* Project object */;
}
